
Microsoft Visual Studio Solution File, Format Version 12.00
# Visual Studio 15
Project("{FAE04EC0-301F-11D3-BF4B-00C04F79EFBC}") = "Assembly-CSharp", "Assembly-CSharp.csproj", "{A2727F4B-115C-532E-AF47-FE41E9BC8CFC}"
EndProject
Global
	GlobalSection(SolutionConfigurationPlatforms) = preSolution
		Debug|Any CPU = Debug|Any CPU
		Release|Any CPU = Release|Any CPU
	EndGlobalSection
	GlobalSection(ProjectConfigurationPlatforms) = postSolution
		{A2727F4B-115C-532E-AF47-FE41E9BC8CFC}.Debug|Any CPU.ActiveCfg = Debug|Any CPU
		{A2727F4B-115C-532E-AF47-FE41E9BC8CFC}.Debug|Any CPU.Build.0 = Debug|Any CPU
		{A2727F4B-115C-532E-AF47-FE41E9BC8CFC}.Release|Any CPU.ActiveCfg = Release|Any CPU
		{A2727F4B-115C-532E-AF47-FE41E9BC8CFC}.Release|Any CPU.Build.0 = Release|Any CPU
	EndGlobalSection
	GlobalSection(SolutionProperties) = preSolution
		HideSolutionNode = FALSE
	EndGlobalSection
EndGlobal
